
Microsoft Visual Studio Solution File, Format Version 12.00
# Visual Studio Version 16
VisualStudioVersion = 16.0.35826.135
MinimumVisualStudioVersion = 10.0.40219.1
Project("{FAE04EC0-301F-11D3-BF4B-00C04F79EFBC}") = "interfacesAndAbstactClasses", "interfacesAndAbstactClasses\interfacesAndAbstactClasses.csproj", "{28E0D8AE-E22F-4E55-BC2A-B114D627E70B}"
EndProject
Global
	GlobalSection(SolutionConfigurationPlatforms) = preSolution
		Debug|Any CPU = Debug|Any CPU
		Release|Any CPU = Release|Any CPU
	EndGlobalSection
	GlobalSection(ProjectConfigurationPlatforms) = postSolution
		{28E0D8AE-E22F-4E55-BC2A-B114D627E70B}.Debug|Any CPU.ActiveCfg = Debug|Any CPU
		{28E0D8AE-E22F-4E55-BC2A-B114D627E70B}.Debug|Any CPU.Build.0 = Debug|Any CPU
		{28E0D8AE-E22F-4E55-BC2A-B114D627E70B}.Release|Any CPU.ActiveCfg = Release|Any CPU
		{28E0D8AE-E22F-4E55-BC2A-B114D627E70B}.Release|Any CPU.Build.0 = Release|Any CPU
	EndGlobalSection
	GlobalSection(SolutionProperties) = preSolution
		HideSolutionNode = FALSE
	EndGlobalSection
	GlobalSection(ExtensibilityGlobals) = postSolution
		SolutionGuid = {FF6A0DB4-E613-484E-A1FB-1FF6720EE39F}
	EndGlobalSection
EndGlobal
